
Microsoft Visual Studio Solution File, Format Version 12.00
# Visual Studio Version 17
VisualStudioVersion = 17.6.33815.320
MinimumVisualStudioVersion = 10.0.40219.1
Project("{FAE04EC0-301F-11D3-BF4B-00C04F79EFBC}") = "activitat12", "activitat12\activitat12.csproj", "{FA3147F9-6A69-4767-A801-F918E10B4518}"
EndProject
Global
	GlobalSection(SolutionConfigurationPlatforms) = preSolution
		Debug|Any CPU = Debug|Any CPU
		Release|Any CPU = Release|Any CPU
	EndGlobalSection
	GlobalSection(ProjectConfigurationPlatforms) = postSolution
		{FA3147F9-6A69-4767-A801-F918E10B4518}.Debug|Any CPU.ActiveCfg = Debug|Any CPU
		{FA3147F9-6A69-4767-A801-F918E10B4518}.Debug|Any CPU.Build.0 = Debug|Any CPU
		{FA3147F9-6A69-4767-A801-F918E10B4518}.Release|Any CPU.ActiveCfg = Release|Any CPU
		{FA3147F9-6A69-4767-A801-F918E10B4518}.Release|Any CPU.Build.0 = Release|Any CPU
	EndGlobalSection
	GlobalSection(SolutionProperties) = preSolution
		HideSolutionNode = FALSE
	EndGlobalSection
	GlobalSection(ExtensibilityGlobals) = postSolution
		SolutionGuid = {330DA3DC-77DE-484D-B313-B63CD0CE4E50}
	EndGlobalSection
EndGlobal
