
Microsoft Visual Studio Solution File, Format Version 12.00
# Visual Studio Version 17
VisualStudioVersion = 17.6.33815.320
MinimumVisualStudioVersion = 10.0.40219.1
Project("{FAE04EC0-301F-11D3-BF4B-00C04F79EFBC}") = "exercici 9", "exercici 9\exercici 9.csproj", "{2CAFBB6E-C2AB-4863-A79E-C00750EE2340}"
EndProject
Global
	GlobalSection(SolutionConfigurationPlatforms) = preSolution
		Debug|Any CPU = Debug|Any CPU
		Release|Any CPU = Release|Any CPU
	EndGlobalSection
	GlobalSection(ProjectConfigurationPlatforms) = postSolution
		{2CAFBB6E-C2AB-4863-A79E-C00750EE2340}.Debug|Any CPU.ActiveCfg = Debug|Any CPU
		{2CAFBB6E-C2AB-4863-A79E-C00750EE2340}.Debug|Any CPU.Build.0 = Debug|Any CPU
		{2CAFBB6E-C2AB-4863-A79E-C00750EE2340}.Release|Any CPU.ActiveCfg = Release|Any CPU
		{2CAFBB6E-C2AB-4863-A79E-C00750EE2340}.Release|Any CPU.Build.0 = Release|Any CPU
	EndGlobalSection
	GlobalSection(SolutionProperties) = preSolution
		HideSolutionNode = FALSE
	EndGlobalSection
	GlobalSection(ExtensibilityGlobals) = postSolution
		SolutionGuid = {E7616960-7AF8-4A4F-B10B-0CC82D5F9BAA}
	EndGlobalSection
EndGlobal
