
Microsoft Visual Studio Solution File, Format Version 12.00
# Visual Studio Version 17
VisualStudioVersion = 17.6.33815.320
MinimumVisualStudioVersion = 10.0.40219.1
Project("{FAE04EC0-301F-11D3-BF4B-00C04F79EFBC}") = "activitat19", "activitat19\activitat19.csproj", "{EF8EB798-523B-4D11-87DC-6F325353AF2A}"
EndProject
Global
	GlobalSection(SolutionConfigurationPlatforms) = preSolution
		Debug|Any CPU = Debug|Any CPU
		Release|Any CPU = Release|Any CPU
	EndGlobalSection
	GlobalSection(ProjectConfigurationPlatforms) = postSolution
		{EF8EB798-523B-4D11-87DC-6F325353AF2A}.Debug|Any CPU.ActiveCfg = Debug|Any CPU
		{EF8EB798-523B-4D11-87DC-6F325353AF2A}.Debug|Any CPU.Build.0 = Debug|Any CPU
		{EF8EB798-523B-4D11-87DC-6F325353AF2A}.Release|Any CPU.ActiveCfg = Release|Any CPU
		{EF8EB798-523B-4D11-87DC-6F325353AF2A}.Release|Any CPU.Build.0 = Release|Any CPU
	EndGlobalSection
	GlobalSection(SolutionProperties) = preSolution
		HideSolutionNode = FALSE
	EndGlobalSection
	GlobalSection(ExtensibilityGlobals) = postSolution
		SolutionGuid = {12EDF9D3-74B1-48C9-82C7-48EF7E0567A6}
	EndGlobalSection
EndGlobal
