
Microsoft Visual Studio Solution File, Format Version 12.00
# Visual Studio Version 17
VisualStudioVersion = 17.6.33815.320
MinimumVisualStudioVersion = 10.0.40219.1
Project("{FAE04EC0-301F-11D3-BF4B-00C04F79EFBC}") = "exercici 6", "exercici 6\exercici 6.csproj", "{BF1D84E3-A963-4DC0-BDC0-50B3510B17F4}"
EndProject
Global
	GlobalSection(SolutionConfigurationPlatforms) = preSolution
		Debug|Any CPU = Debug|Any CPU
		Release|Any CPU = Release|Any CPU
	EndGlobalSection
	GlobalSection(ProjectConfigurationPlatforms) = postSolution
		{BF1D84E3-A963-4DC0-BDC0-50B3510B17F4}.Debug|Any CPU.ActiveCfg = Debug|Any CPU
		{BF1D84E3-A963-4DC0-BDC0-50B3510B17F4}.Debug|Any CPU.Build.0 = Debug|Any CPU
		{BF1D84E3-A963-4DC0-BDC0-50B3510B17F4}.Release|Any CPU.ActiveCfg = Release|Any CPU
		{BF1D84E3-A963-4DC0-BDC0-50B3510B17F4}.Release|Any CPU.Build.0 = Release|Any CPU
	EndGlobalSection
	GlobalSection(SolutionProperties) = preSolution
		HideSolutionNode = FALSE
	EndGlobalSection
	GlobalSection(ExtensibilityGlobals) = postSolution
		SolutionGuid = {E55B8CA0-7B16-44D4-9E2F-8A266DAB32B3}
	EndGlobalSection
EndGlobal
