
Microsoft Visual Studio Solution File, Format Version 12.00
# Visual Studio Version 17
VisualStudioVersion = 17.6.33815.320
MinimumVisualStudioVersion = 10.0.40219.1
Project("{FAE04EC0-301F-11D3-BF4B-00C04F79EFBC}") = "exercici 12", "exercici 12\exercici 12.csproj", "{594A0DEC-BE9C-443D-BD72-64FA857F5C51}"
EndProject
Global
	GlobalSection(SolutionConfigurationPlatforms) = preSolution
		Debug|Any CPU = Debug|Any CPU
		Release|Any CPU = Release|Any CPU
	EndGlobalSection
	GlobalSection(ProjectConfigurationPlatforms) = postSolution
		{594A0DEC-BE9C-443D-BD72-64FA857F5C51}.Debug|Any CPU.ActiveCfg = Debug|Any CPU
		{594A0DEC-BE9C-443D-BD72-64FA857F5C51}.Debug|Any CPU.Build.0 = Debug|Any CPU
		{594A0DEC-BE9C-443D-BD72-64FA857F5C51}.Release|Any CPU.ActiveCfg = Release|Any CPU
		{594A0DEC-BE9C-443D-BD72-64FA857F5C51}.Release|Any CPU.Build.0 = Release|Any CPU
	EndGlobalSection
	GlobalSection(SolutionProperties) = preSolution
		HideSolutionNode = FALSE
	EndGlobalSection
	GlobalSection(ExtensibilityGlobals) = postSolution
		SolutionGuid = {C9C7175B-90E4-4C51-AA88-5FC9B4669C8A}
	EndGlobalSection
EndGlobal
