
Microsoft Visual Studio Solution File, Format Version 12.00
# Visual Studio Version 17
VisualStudioVersion = 17.6.33815.320
MinimumVisualStudioVersion = 10.0.40219.1
Project("{FAE04EC0-301F-11D3-BF4B-00C04F79EFBC}") = "exercici 10", "exercici 10\exercici 10.csproj", "{6624D480-84A3-4448-9E88-849697ABAE7E}"
EndProject
Global
	GlobalSection(SolutionConfigurationPlatforms) = preSolution
		Debug|Any CPU = Debug|Any CPU
		Release|Any CPU = Release|Any CPU
	EndGlobalSection
	GlobalSection(ProjectConfigurationPlatforms) = postSolution
		{6624D480-84A3-4448-9E88-849697ABAE7E}.Debug|Any CPU.ActiveCfg = Debug|Any CPU
		{6624D480-84A3-4448-9E88-849697ABAE7E}.Debug|Any CPU.Build.0 = Debug|Any CPU
		{6624D480-84A3-4448-9E88-849697ABAE7E}.Release|Any CPU.ActiveCfg = Release|Any CPU
		{6624D480-84A3-4448-9E88-849697ABAE7E}.Release|Any CPU.Build.0 = Release|Any CPU
	EndGlobalSection
	GlobalSection(SolutionProperties) = preSolution
		HideSolutionNode = FALSE
	EndGlobalSection
	GlobalSection(ExtensibilityGlobals) = postSolution
		SolutionGuid = {F811F6FF-C101-4F06-9D3C-8F5CCE8072D0}
	EndGlobalSection
EndGlobal
