
Microsoft Visual Studio Solution File, Format Version 12.00
# Visual Studio Version 17
VisualStudioVersion = 17.6.33815.320
MinimumVisualStudioVersion = 10.0.40219.1
Project("{FAE04EC0-301F-11D3-BF4B-00C04F79EFBC}") = "AC1", "AC1\AC1.csproj", "{72090A44-7E1F-48D3-B8C2-E0DD6BC01448}"
EndProject
Global
	GlobalSection(SolutionConfigurationPlatforms) = preSolution
		Debug|Any CPU = Debug|Any CPU
		Release|Any CPU = Release|Any CPU
	EndGlobalSection
	GlobalSection(ProjectConfigurationPlatforms) = postSolution
		{72090A44-7E1F-48D3-B8C2-E0DD6BC01448}.Debug|Any CPU.ActiveCfg = Debug|Any CPU
		{72090A44-7E1F-48D3-B8C2-E0DD6BC01448}.Debug|Any CPU.Build.0 = Debug|Any CPU
		{72090A44-7E1F-48D3-B8C2-E0DD6BC01448}.Release|Any CPU.ActiveCfg = Release|Any CPU
		{72090A44-7E1F-48D3-B8C2-E0DD6BC01448}.Release|Any CPU.Build.0 = Release|Any CPU
	EndGlobalSection
	GlobalSection(SolutionProperties) = preSolution
		HideSolutionNode = FALSE
	EndGlobalSection
	GlobalSection(ExtensibilityGlobals) = postSolution
		SolutionGuid = {BDFB015F-4B4B-4E13-BFA8-3FF3790BEBD5}
	EndGlobalSection
EndGlobal
