
Microsoft Visual Studio Solution File, Format Version 12.00
# Visual Studio Version 17
VisualStudioVersion = 17.6.33815.320
MinimumVisualStudioVersion = 10.0.40219.1
Project("{FAE04EC0-301F-11D3-BF4B-00C04F79EFBC}") = "activitat14", "activitat14\activitat14.csproj", "{B67F21DC-26DF-4632-9973-7FC89AFA6528}"
EndProject
Global
	GlobalSection(SolutionConfigurationPlatforms) = preSolution
		Debug|Any CPU = Debug|Any CPU
		Release|Any CPU = Release|Any CPU
	EndGlobalSection
	GlobalSection(ProjectConfigurationPlatforms) = postSolution
		{B67F21DC-26DF-4632-9973-7FC89AFA6528}.Debug|Any CPU.ActiveCfg = Debug|Any CPU
		{B67F21DC-26DF-4632-9973-7FC89AFA6528}.Debug|Any CPU.Build.0 = Debug|Any CPU
		{B67F21DC-26DF-4632-9973-7FC89AFA6528}.Release|Any CPU.ActiveCfg = Release|Any CPU
		{B67F21DC-26DF-4632-9973-7FC89AFA6528}.Release|Any CPU.Build.0 = Release|Any CPU
	EndGlobalSection
	GlobalSection(SolutionProperties) = preSolution
		HideSolutionNode = FALSE
	EndGlobalSection
	GlobalSection(ExtensibilityGlobals) = postSolution
		SolutionGuid = {F6D81AF9-AC78-4A40-83EC-1B922184F0A0}
	EndGlobalSection
EndGlobal
