
Microsoft Visual Studio Solution File, Format Version 12.00
# Visual Studio Version 17
VisualStudioVersion = 17.6.33815.320
MinimumVisualStudioVersion = 10.0.40219.1
Project("{FAE04EC0-301F-11D3-BF4B-00C04F79EFBC}") = "activitat19_2", "activitat19_2\activitat19_2.csproj", "{2E9D8B46-9D12-4549-9228-838F6751B162}"
EndProject
Global
	GlobalSection(SolutionConfigurationPlatforms) = preSolution
		Debug|Any CPU = Debug|Any CPU
		Release|Any CPU = Release|Any CPU
	EndGlobalSection
	GlobalSection(ProjectConfigurationPlatforms) = postSolution
		{2E9D8B46-9D12-4549-9228-838F6751B162}.Debug|Any CPU.ActiveCfg = Debug|Any CPU
		{2E9D8B46-9D12-4549-9228-838F6751B162}.Debug|Any CPU.Build.0 = Debug|Any CPU
		{2E9D8B46-9D12-4549-9228-838F6751B162}.Release|Any CPU.ActiveCfg = Release|Any CPU
		{2E9D8B46-9D12-4549-9228-838F6751B162}.Release|Any CPU.Build.0 = Release|Any CPU
	EndGlobalSection
	GlobalSection(SolutionProperties) = preSolution
		HideSolutionNode = FALSE
	EndGlobalSection
	GlobalSection(ExtensibilityGlobals) = postSolution
		SolutionGuid = {7037A888-8C27-4164-B5FE-57B9A59602A0}
	EndGlobalSection
EndGlobal
